{
  "version": "0.0.1",
  "lockfileVersion": 1,
  "requires": true,
  "dependencies": {
    "clsx": {
      "version": "1.1.1",
      "resolved": "https://registry.npmjs.org/clsx/-/clsx-1.1.1.tgz",
      "integrity": "sha512-6/bPho624p3S2pMyvP5kKBPXnI3ufHLObBFCfgx+LkeR5lg2XYy2hqZqUf45ypD8COn2bhgGJSUE+l5dhNBieA==",
      "dev": true
    },
    "css-paint-polyfill": {
      "version": "3.0.1",
      "resolved": "https://registry.npmjs.org/css-paint-polyfill/-/css-paint-polyfill-3.0.1.tgz",
      "integrity": "sha512-Sq4yRWL7u9GiipUkFEAIasVNPE7/N9YBrwJlSA+oC1iciZxvGZO+u24c/PFE+qbrfomKw79jY96CL+Ce7DTKIw==",
      "requires": {
        "transpiler-lite": "git+https://gist.github.com/781ef9620da8a30228b9f0c6e21fa7f6.git"
      }
    },
    "json5": {
      "version": "2.1.3",
      "resolved": "https://registry.npmjs.org/json5/-/json5-2.1.3.tgz",
      "integrity": "sha512-KXPvOm8K9IJKFM0bmdn8QXh7udDh1g/giieX0NLCaMnb4hEiVFqnop2ImTXCc5e0/oHz3LTqmHGtExn5hfMkOA==",
      "dev": true,
      "requires": {
        "minimist": "^1.2.5"
      }
    },
    "minimist": {
      "version": "1.2.5",
      "resolved": "https://registry.npmjs.org/minimist/-/minimist-1.2.5.tgz",
      "integrity": "sha512-FM9nNUYrRBAELZQT3xeZQ7fmMOBg6nWNmJKTcgsJeaLstP/UODVpGsr5OhXhhXg6f+qtJ8uiZ+PUxkDWcgIXLw==",
      "dev": true
    },
    "transpiler-lite": {
      "version": "git+https://gist.github.com/781ef9620da8a30228b9f0c6e21fa7f6.git#9af8e1c86e5e22efc58129337528617fea5eea6f",
      "from": "git+https://gist.github.com/781ef9620da8a30228b9f0c6e21fa7f6.git"
    },
    "wmr": {
      "version": "0.0.10",
      "resolved": "https://registry.npmjs.org/wmr/-/wmr-0.0.10.tgz",
      "integrity": "sha512-vDoMJ23YUTWuOK/XVAzpGSA1aQ6RhgggPcK95Q/sjpLW7gLZy53A/Lh28fG9MYEUxL5VgraJ3wAhEvjtsxUqCA=="
    }
  }
}
