{
  "name": "houdini.how",
  "version": "0.0.1",
  "lockfileVersion": 2,
  "requires": true,
  "packages": {
    "": {
      "version": "0.0.1",
      "dependencies": {
        "clsx": "^1.1.1",
        "css-paint-polyfill": "^3.2.1",
        "preact-iso": "^0.2.0",
        "wmr": "^1.0.0"
      },
      "devDependencies": {
        "json5": "^2.1.3"
      }
    },
    "node_modules/clsx": {
      "version": "1.1.1",
      "resolved": "https://registry.npmjs.org/clsx/-/clsx-1.1.1.tgz",
      "integrity": "sha512-6/bPho624p3S2pMyvP5kKBPXnI3ufHLObBFCfgx+LkeR5lg2XYy2hqZqUf45ypD8COn2bhgGJSUE+l5dhNBieA==",
      "engines": {
        "node": ">=6"
      }
    },
    "node_modules/css-paint-polyfill": {
      "version": "3.2.1",
      "resolved": "https://registry.npmjs.org/css-paint-polyfill/-/css-paint-polyfill-3.2.1.tgz",
      "integrity": "sha512-tqe/DSkb97pJFIN8eKbda9t0VWrtXd2kUnMu4BgctThOGIHVlfmjFVmlrFybmVhHbCe7L9TtET1j+dBR5gqE3g=="
    },
    "node_modules/fsevents": {
      "version": "2.2.1",
      "resolved": "https://registry.npmjs.org/fsevents/-/fsevents-2.2.1.tgz",
      "integrity": "sha512-bTLYHSeC0UH/EFXS9KqWnXuOl/wHK5Z/d+ghd5AsFMYN7wIGkUCOJyzy88+wJKkZPGON8u4Z9f6U4FdgURE9qA==",
      "hasInstallScript": true,
      "optional": true,
      "os": [
        "darwin"
      ],
      "engines": {
        "node": "^8.16.0 || ^10.6.0 || >=11.0.0"
      }
    },
    "node_modules/json5": {
      "version": "2.1.3",
      "resolved": "https://registry.npmjs.org/json5/-/json5-2.1.3.tgz",
      "integrity": "sha512-KXPvOm8K9IJKFM0bmdn8QXh7udDh1g/giieX0NLCaMnb4hEiVFqnop2ImTXCc5e0/oHz3LTqmHGtExn5hfMkOA==",
      "dev": true,
      "dependencies": {
        "minimist": "^1.2.5"
      },
      "bin": {
        "json5": "lib/cli.js"
      },
      "engines": {
        "node": ">=6"
      }
    },
    "node_modules/minimist": {
      "version": "1.2.5",
      "resolved": "https://registry.npmjs.org/minimist/-/minimist-1.2.5.tgz",
      "integrity": "sha512-FM9nNUYrRBAELZQT3xeZQ7fmMOBg6nWNmJKTcgsJeaLstP/UODVpGsr5OhXhhXg6f+qtJ8uiZ+PUxkDWcgIXLw==",
      "dev": true
    },
    "node_modules/preact-iso": {
      "version": "0.2.0",
      "resolved": "https://registry.npmjs.org/preact-iso/-/preact-iso-0.2.0.tgz",
      "integrity": "sha512-p8FJRt55aXpb2TAL3JsiTP1YJm7XqIXb8mf7LVrMNoQRHW0VvqXNvIFYmHOIJArGlIIOb2v1w9o6/edOnSQFvA=="
    },
    "node_modules/wmr": {
      "version": "1.0.0",
      "resolved": "https://registry.npmjs.org/wmr/-/wmr-1.0.0.tgz",
      "integrity": "sha512-e4skIObjY4V7tERFSTemBw2RXuj0eDpJEVqPggMtwFlDqeCGD1g7aS32ElEf+AfreF2hSAN/F1lB7j1PHUlBdw==",
      "bin": {
        "wmr": "wmr.cjs"
      },
      "engines": {
        "node": ">=12.16"
      },
      "optionalDependencies": {
        "fsevents": "^2.1.3"
      }
    }
  },
  "dependencies": {
    "clsx": {
      "version": "1.1.1",
      "resolved": "https://registry.npmjs.org/clsx/-/clsx-1.1.1.tgz",
      "integrity": "sha512-6/bPho624p3S2pMyvP5kKBPXnI3ufHLObBFCfgx+LkeR5lg2XYy2hqZqUf45ypD8COn2bhgGJSUE+l5dhNBieA=="
    },
    "css-paint-polyfill": {
      "version": "3.2.1",
      "resolved": "https://registry.npmjs.org/css-paint-polyfill/-/css-paint-polyfill-3.2.1.tgz",
      "integrity": "sha512-tqe/DSkb97pJFIN8eKbda9t0VWrtXd2kUnMu4BgctThOGIHVlfmjFVmlrFybmVhHbCe7L9TtET1j+dBR5gqE3g=="
    },
    "fsevents": {
      "version": "2.2.1",
      "resolved": "https://registry.npmjs.org/fsevents/-/fsevents-2.2.1.tgz",
      "integrity": "sha512-bTLYHSeC0UH/EFXS9KqWnXuOl/wHK5Z/d+ghd5AsFMYN7wIGkUCOJyzy88+wJKkZPGON8u4Z9f6U4FdgURE9qA==",
      "optional": true
    },
    "json5": {
      "version": "2.1.3",
      "resolved": "https://registry.npmjs.org/json5/-/json5-2.1.3.tgz",
      "integrity": "sha512-KXPvOm8K9IJKFM0bmdn8QXh7udDh1g/giieX0NLCaMnb4hEiVFqnop2ImTXCc5e0/oHz3LTqmHGtExn5hfMkOA==",
      "dev": true,
      "requires": {
        "minimist": "^1.2.5"
      }
    },
    "minimist": {
      "version": "1.2.5",
      "resolved": "https://registry.npmjs.org/minimist/-/minimist-1.2.5.tgz",
      "integrity": "sha512-FM9nNUYrRBAELZQT3xeZQ7fmMOBg6nWNmJKTcgsJeaLstP/UODVpGsr5OhXhhXg6f+qtJ8uiZ+PUxkDWcgIXLw==",
      "dev": true
    },
    "preact-iso": {
      "version": "0.2.0",
      "resolved": "https://registry.npmjs.org/preact-iso/-/preact-iso-0.2.0.tgz",
      "integrity": "sha512-p8FJRt55aXpb2TAL3JsiTP1YJm7XqIXb8mf7LVrMNoQRHW0VvqXNvIFYmHOIJArGlIIOb2v1w9o6/edOnSQFvA=="
    },
    "wmr": {
      "version": "1.0.0",
      "resolved": "https://registry.npmjs.org/wmr/-/wmr-1.0.0.tgz",
      "integrity": "sha512-e4skIObjY4V7tERFSTemBw2RXuj0eDpJEVqPggMtwFlDqeCGD1g7aS32ElEf+AfreF2hSAN/F1lB7j1PHUlBdw==",
      "requires": {
        "fsevents": "^2.1.3"
      }
    }
  }
}
