{
  "version": "0.0.1",
  "lockfileVersion": 1,
  "requires": true,
  "dependencies": {
    "wmr": {
      "version": "0.0.8",
      "resolved": "https://registry.npmjs.org/wmr/-/wmr-0.0.8.tgz",
      "integrity": "sha512-gbrRByihzAavvzokzcv5E5eY7rRwm0o0uTU0nSAglcz9csiXS3px9xcPZylLQy8hWNiCjaHn2fhfDhkgvzRxTw=="
    }
  }
}
